
Microsoft Visual Studio Solution File, Format Version 12.00
# Visual Studio Version 17
VisualStudioVersion = 17.10.35122.118
MinimumVisualStudioVersion = 10.0.40219.1
Project("{9A19103F-16F7-4668-BE54-9A1E7A4F7556}") = "TheMovie", "TheMovie\TheMovie.csproj", "{35B059C8-9493-46CB-8BD5-24623BCC26DB}"
EndProject
Project("{9A19103F-16F7-4668-BE54-9A1E7A4F7556}") = "TheMovie.Tests", "TheMovie.Tests\TheMovie.Tests.csproj", "{B68099FD-58F4-41C7-8D12-DAD132257593}"
EndProject
Global
	GlobalSection(SolutionConfigurationPlatforms) = preSolution
		Debug|Any CPU = Debug|Any CPU
		Release|Any CPU = Release|Any CPU
	EndGlobalSection
	GlobalSection(ProjectConfigurationPlatforms) = postSolution
		{35B059C8-9493-46CB-8BD5-24623BCC26DB}.Debug|Any CPU.ActiveCfg = Debug|Any CPU
		{35B059C8-9493-46CB-8BD5-24623BCC26DB}.Debug|Any CPU.Build.0 = Debug|Any CPU
		{35B059C8-9493-46CB-8BD5-24623BCC26DB}.Release|Any CPU.ActiveCfg = Release|Any CPU
		{35B059C8-9493-46CB-8BD5-24623BCC26DB}.Release|Any CPU.Build.0 = Release|Any CPU
		{B68099FD-58F4-41C7-8D12-DAD132257593}.Debug|Any CPU.ActiveCfg = Debug|Any CPU
		{B68099FD-58F4-41C7-8D12-DAD132257593}.Debug|Any CPU.Build.0 = Debug|Any CPU
		{B68099FD-58F4-41C7-8D12-DAD132257593}.Release|Any CPU.ActiveCfg = Release|Any CPU
		{B68099FD-58F4-41C7-8D12-DAD132257593}.Release|Any CPU.Build.0 = Release|Any CPU
	EndGlobalSection
	GlobalSection(SolutionProperties) = preSolution
		HideSolutionNode = FALSE
	EndGlobalSection
	GlobalSection(ExtensibilityGlobals) = postSolution
		SolutionGuid = {11475CF5-D413-49E8-88A2-4FA3EDEBB950}
	EndGlobalSection
EndGlobal
